
Microsoft Visual Studio Solution File, Format Version 12.00
# Visual Studio Version 16
VisualStudioVersion = 16.0.30114.105
MinimumVisualStudioVersion = 10.0.40219.1
Project("{FAE04EC0-301F-11D3-BF4B-00C04F79EFBC}") = "Project0", "Project0.Program\Project0.csproj", "{0A5A2D57-06C9-480D-AFF9-EF62F4D1FC4C}"
EndProject
Project("{2150E333-8FDC-42A3-9474-1A3956D46DE8}") = "Project0.Tests", "Project0.Tests", "{7D53D963-0671-4EAE-8689-98679B6CC1C7}"
EndProject
Project("{FAE04EC0-301F-11D3-BF4B-00C04F79EFBC}") = "Project0.Tests", "Project0.Tests\Project0.tests\Project0.Tests.csproj", "{0F0AA9A0-47BF-494C-A5B9-BC47C147EAEF}"
EndProject
Global
	GlobalSection(SolutionConfigurationPlatforms) = preSolution
		Debug|Any CPU = Debug|Any CPU
		Release|Any CPU = Release|Any CPU
	EndGlobalSection
	GlobalSection(SolutionProperties) = preSolution
		HideSolutionNode = FALSE
	EndGlobalSection
	GlobalSection(ProjectConfigurationPlatforms) = postSolution
		{0A5A2D57-06C9-480D-AFF9-EF62F4D1FC4C}.Debug|Any CPU.ActiveCfg = Debug|Any CPU
		{0A5A2D57-06C9-480D-AFF9-EF62F4D1FC4C}.Debug|Any CPU.Build.0 = Debug|Any CPU
		{0A5A2D57-06C9-480D-AFF9-EF62F4D1FC4C}.Release|Any CPU.ActiveCfg = Release|Any CPU
		{0A5A2D57-06C9-480D-AFF9-EF62F4D1FC4C}.Release|Any CPU.Build.0 = Release|Any CPU
		{0F0AA9A0-47BF-494C-A5B9-BC47C147EAEF}.Debug|Any CPU.ActiveCfg = Debug|Any CPU
		{0F0AA9A0-47BF-494C-A5B9-BC47C147EAEF}.Debug|Any CPU.Build.0 = Debug|Any CPU
		{0F0AA9A0-47BF-494C-A5B9-BC47C147EAEF}.Release|Any CPU.ActiveCfg = Release|Any CPU
		{0F0AA9A0-47BF-494C-A5B9-BC47C147EAEF}.Release|Any CPU.Build.0 = Release|Any CPU
	EndGlobalSection
	GlobalSection(NestedProjects) = preSolution
		{0F0AA9A0-47BF-494C-A5B9-BC47C147EAEF} = {7D53D963-0671-4EAE-8689-98679B6CC1C7}
	EndGlobalSection
EndGlobal
